{
  "lockfile_version": "1",
  "packages": {
    "atlas@latest": {
      "last_modified": "2025-02-07T20:06:47Z",
      "resolved": "github:NixOS/nixpkgs/e8d0b02af0958823c955aaab3c82b03f54411d91#atlas",
      "source": "devbox-search",
      "version": "0.31.0",
      "systems": {
        "aarch64-darwin": {
          "outputs": [
            {
              "name": "out",
              "path": "/nix/store/wnbny92dmd3a7lk5cjfvnhsvnnv7ldik-atlas-0.31.0",
              "default": true
            }
          ],
          "store_path": "/nix/store/wnbny92dmd3a7lk5cjfvnhsvnnv7ldik-atlas-0.31.0"
        },
        "aarch64-linux": {
          "outputs": [
            {
              "name": "out",
              "path": "/nix/store/i3ijvkwb0rjrz62qx43sysi62fw7ncdh-atlas-0.31.0",
              "default": true
            }
          ],
          "store_path": "/nix/store/i3ijvkwb0rjrz62qx43sysi62fw7ncdh-atlas-0.31.0"
        },
        "x86_64-darwin": {
          "outputs": [
            {
              "name": "out",
              "path": "/nix/store/dm2vhn7ahpmhmi97nx00vvw852nyhpgq-atlas-0.31.0",
              "default": true
            }
          ],
          "store_path": "/nix/store/dm2vhn7ahpmhmi97nx00vvw852nyhpgq-atlas-0.31.0"
        },
        "x86_64-linux": {
          "outputs": [
            {
              "name": "out",
              "path": "/nix/store/b7c5rxdd3za3yyjnkbf6ik16csm0lv4q-atlas-0.31.0",
              "default": true
            }
          ],
          "store_path": "/nix/store/b7c5rxdd3za3yyjnkbf6ik16csm0lv4q-atlas-0.31.0"
        }
      }
    },
    "cargo@latest": {
      "last_modified": "2025-01-19T08:16:51Z",
      "resolved": "github:NixOS/nixpkgs/50165c4f7eb48ce82bd063e1fb8047a0f515f8ce#cargo",
      "source": "devbox-search",
      "version": "1.83.0",
      "systems": {
        "aarch64-darwin": {
          "outputs": [
            {
              "name": "out",
              "path": "/nix/store/ivrvbcih28j6nqd3dhl4hsb95nrfmi4c-cargo-1.83.0",
              "default": true
            }
          ],
          "store_path": "/nix/store/ivrvbcih28j6nqd3dhl4hsb95nrfmi4c-cargo-1.83.0"
        },
        "aarch64-linux": {
          "outputs": [
            {
              "name": "out",
              "path": "/nix/store/zfbr6c6qqpiqfqsms2133s3la5z1v7ac-cargo-1.83.0",
              "default": true
            }
          ],
          "store_path": "/nix/store/zfbr6c6qqpiqfqsms2133s3la5z1v7ac-cargo-1.83.0"
        },
        "x86_64-darwin": {
          "outputs": [
            {
              "name": "out",
              "path": "/nix/store/xd628z5gs5dydb97s4fnc5wasyr8arlb-cargo-1.83.0",
              "default": true
            }
          ],
          "store_path": "/nix/store/xd628z5gs5dydb97s4fnc5wasyr8arlb-cargo-1.83.0"
        },
        "x86_64-linux": {
          "outputs": [
            {
              "name": "out",
              "path": "/nix/store/a9n2kybksza6sn71qwqc6ac781gk9g7v-cargo-1.83.0",
              "default": true
            }
          ],
          "store_path": "/nix/store/a9n2kybksza6sn71qwqc6ac781gk9g7v-cargo-1.83.0"
        }
      }
    },
    "docker-compose@latest": {
      "last_modified": "2025-02-07T11:26:36Z",
      "resolved": "github:NixOS/nixpkgs/d98abf5cf5914e5e4e9d57205e3af55ca90ffc1d#docker-compose",
      "source": "devbox-search",
      "version": "2.32.4",
      "systems": {
        "aarch64-darwin": {
          "outputs": [
            {
              "name": "out",
              "path": "/nix/store/j5dkw27g16kz60jfgdzgp8k7k7aj2hvd-docker-compose-2.32.4",
              "default": true
            }
          ],
          "store_path": "/nix/store/j5dkw27g16kz60jfgdzgp8k7k7aj2hvd-docker-compose-2.32.4"
        },
        "aarch64-linux": {
          "outputs": [
            {
              "name": "out",
              "path": "/nix/store/rdgacy86y4829j65f8rfi15dprg4yvvz-docker-compose-2.32.4",
              "default": true
            }
          ],
          "store_path": "/nix/store/rdgacy86y4829j65f8rfi15dprg4yvvz-docker-compose-2.32.4"
        },
        "x86_64-darwin": {
          "outputs": [
            {
              "name": "out",
              "path": "/nix/store/8gj3xafvnz84pha1l87iq9nz6xx3wjns-docker-compose-2.32.4",
              "default": true
            }
          ],
          "store_path": "/nix/store/8gj3xafvnz84pha1l87iq9nz6xx3wjns-docker-compose-2.32.4"
        },
        "x86_64-linux": {
          "outputs": [
            {
              "name": "out",
              "path": "/nix/store/xciizs52dag0ps4fg4iy4gn3c8ws43k9-docker-compose-2.32.4",
              "default": true
            }
          ],
          "store_path": "/nix/store/xciizs52dag0ps4fg4iy4gn3c8ws43k9-docker-compose-2.32.4"
        }
      }
    },
    "docker@latest": {
      "last_modified": "2025-02-12T00:10:52Z",
      "resolved": "github:NixOS/nixpkgs/83a2581c81ff5b06f7c1a4e7cc736a455dfcf7b4#docker",
      "source": "devbox-search",
      "version": "27.5.1",
      "systems": {
        "aarch64-darwin": {
          "outputs": [
            {
              "name": "out",
              "path": "/nix/store/y5vfyg4bzrchzf81mn5ykmldj4bp393m-docker-27.5.1",
              "default": true
            }
          ],
          "store_path": "/nix/store/y5vfyg4bzrchzf81mn5ykmldj4bp393m-docker-27.5.1"
        },
        "aarch64-linux": {
          "outputs": [
            {
              "name": "out",
              "path": "/nix/store/bqsg1h1y1fzp6mls5mx5f1xh137ffsnh-docker-27.5.1",
              "default": true
            }
          ],
          "store_path": "/nix/store/bqsg1h1y1fzp6mls5mx5f1xh137ffsnh-docker-27.5.1"
        },
        "x86_64-darwin": {
          "outputs": [
            {
              "name": "out",
              "path": "/nix/store/p5f1r2crdmrjy9lb0nifnxiii3fpaxsx-docker-27.5.1",
              "default": true
            }
          ],
          "store_path": "/nix/store/p5f1r2crdmrjy9lb0nifnxiii3fpaxsx-docker-27.5.1"
        },
        "x86_64-linux": {
          "outputs": [
            {
              "name": "out",
              "path": "/nix/store/sd6r9f7f1cn95pqnf57jjsjkppm749fp-docker-27.5.1",
              "default": true
            }
          ],
          "store_path": "/nix/store/sd6r9f7f1cn95pqnf57jjsjkppm749fp-docker-27.5.1"
        }
      }
    },
    "github:NixOS/nixpkgs/nixpkgs-unstable": {
      "resolved": "github:NixOS/nixpkgs/dad564433178067be1fbdfcce23b546254b6d641?lastModified=1740019556&narHash=sha256-vn285HxnnlHLWnv59Og7muqECNMS33mWLM14soFIv2g%3D"
    },
    "glibcLocales@latest": {
      "last_modified": "2025-02-07T11:26:36Z",
      "resolved": "github:NixOS/nixpkgs/d98abf5cf5914e5e4e9d57205e3af55ca90ffc1d#glibcLocales",
      "source": "devbox-search",
      "version": "2.40-66",
      "systems": {
        "aarch64-linux": {
          "outputs": [
            {
              "name": "out",
              "path": "/nix/store/msl6h7i0mgzayw4icb58hccfkh9672bl-glibc-locales-2.40-66",
              "default": true
            }
          ],
          "store_path": "/nix/store/msl6h7i0mgzayw4icb58hccfkh9672bl-glibc-locales-2.40-66"
        },
        "x86_64-linux": {
          "outputs": [
            {
              "name": "out",
              "path": "/nix/store/p1fn0y9zbq7fng8cn49cvinqqh47slax-glibc-locales-2.40-66",
              "default": true
            }
          ],
          "store_path": "/nix/store/p1fn0y9zbq7fng8cn49cvinqqh47slax-glibc-locales-2.40-66"
        }
      }
    },
    "nodejs@latest": {
      "last_modified": "2025-02-03T03:32:17Z",
      "plugin_version": "0.0.2",
      "resolved": "github:NixOS/nixpkgs/2d31b9476b7c6f5b029e595586b0b112a7ad130b#nodejs_23",
      "source": "devbox-search",
      "version": "23.7.0",
      "systems": {
        "aarch64-darwin": {
          "outputs": [
            {
              "name": "out",
              "path": "/nix/store/iza783m0cggalysm2iragf39x334xgj5-nodejs-23.7.0",
              "default": true
            },
            {
              "name": "libv8",
              "path": "/nix/store/hxgw1kz6a4d7cdl0hwlgsx0xi68fdfjb-nodejs-23.7.0-libv8"
            }
          ],
          "store_path": "/nix/store/iza783m0cggalysm2iragf39x334xgj5-nodejs-23.7.0"
        },
        "aarch64-linux": {
          "outputs": [
            {
              "name": "out",
              "path": "/nix/store/gc4kvy8f0836vscw7hbjqhj02d3bpiz0-nodejs-23.7.0",
              "default": true
            },
            {
              "name": "libv8",
              "path": "/nix/store/p0gl12bjpxi91f9621272ji2xlf2gf6w-nodejs-23.7.0-libv8"
            }
          ],
          "store_path": "/nix/store/gc4kvy8f0836vscw7hbjqhj02d3bpiz0-nodejs-23.7.0"
        },
        "x86_64-darwin": {
          "outputs": [
            {
              "name": "out",
              "path": "/nix/store/5ahjjmjbgn2prlvj4gv76dsd2iscyq19-nodejs-23.7.0",
              "default": true
            },
            {
              "name": "libv8",
              "path": "/nix/store/fyxfj92pd36r1rqa6x57g8ns1cvpkhhv-nodejs-23.7.0-libv8"
            }
          ],
          "store_path": "/nix/store/5ahjjmjbgn2prlvj4gv76dsd2iscyq19-nodejs-23.7.0"
        },
        "x86_64-linux": {
          "outputs": [
            {
              "name": "out",
              "path": "/nix/store/wd3aabl2ikvh4as03i9lnc7mf0qf4f8a-nodejs-23.7.0",
              "default": true
            },
            {
              "name": "libv8",
              "path": "/nix/store/lylmd10qryh0i2zwpik3xba428bxfq0z-nodejs-23.7.0-libv8"
            }
          ],
          "store_path": "/nix/store/wd3aabl2ikvh4as03i9lnc7mf0qf4f8a-nodejs-23.7.0"
        }
      }
    },
    "pnpm@latest": {
      "last_modified": "2025-02-03T20:50:02Z",
      "resolved": "github:NixOS/nixpkgs/494b2407ef95997176211a8758638205916873a9#pnpm",
      "source": "devbox-search",
      "version": "10.2.0",
      "systems": {
        "aarch64-darwin": {
          "outputs": [
            {
              "name": "out",
              "path": "/nix/store/6pjl7s69basv12yr054gk0c2ipckpfrf-pnpm-10.2.0",
              "default": true
            }
          ],
          "store_path": "/nix/store/6pjl7s69basv12yr054gk0c2ipckpfrf-pnpm-10.2.0"
        },
        "aarch64-linux": {
          "outputs": [
            {
              "name": "out",
              "path": "/nix/store/yyksgr9bflrzn1xi5616y2h3zvvp6qmn-pnpm-10.2.0",
              "default": true
            }
          ],
          "store_path": "/nix/store/yyksgr9bflrzn1xi5616y2h3zvvp6qmn-pnpm-10.2.0"
        },
        "x86_64-darwin": {
          "outputs": [
            {
              "name": "out",
              "path": "/nix/store/02k85a2p69lakym6ynbm09s0hfjjr3b5-pnpm-10.2.0",
              "default": true
            }
          ],
          "store_path": "/nix/store/02k85a2p69lakym6ynbm09s0hfjjr3b5-pnpm-10.2.0"
        },
        "x86_64-linux": {
          "outputs": [
            {
              "name": "out",
              "path": "/nix/store/vvp2iph90dnckib1iq60chg20wgqy2a4-pnpm-10.2.0",
              "default": true
            }
          ],
          "store_path": "/nix/store/vvp2iph90dnckib1iq60chg20wgqy2a4-pnpm-10.2.0"
        }
      }
    },
    "postgresql@latest": {
      "last_modified": "2025-02-16T00:50:12Z",
      "plugin_version": "0.0.2",
      "resolved": "github:NixOS/nixpkgs/1dcdd535fef84d4671129a10e7072d56dca9a4d3#postgresql",
      "source": "devbox-search",
      "version": "17.2",
      "systems": {
        "aarch64-darwin": {
          "outputs": [
            {
              "name": "out",
              "path": "/nix/store/1pwf93b61vr8knzsz0imsq90w6pfc3a9-postgresql-17.2",
              "default": true
            },
            {
              "name": "man",
              "path": "/nix/store/6nskjs58338vdv75y0xs99w5z64wlnir-postgresql-17.2-man",
              "default": true
            },
            {
              "name": "dev",
              "path": "/nix/store/j31c0r32p9c705481syic36wf89xwc9m-postgresql-17.2-dev"
            },
            {
              "name": "doc",
              "path": "/nix/store/g2fky1xwlwlpbm1z4wz79r3q97wnqj2y-postgresql-17.2-doc"
            },
            {
              "name": "lib",
              "path": "/nix/store/gqip84495xjajpl8qk3n3c8qpqc1jfg0-postgresql-17.2-lib"
            }
          ],
          "store_path": "/nix/store/1pwf93b61vr8knzsz0imsq90w6pfc3a9-postgresql-17.2"
        },
        "aarch64-linux": {
          "outputs": [
            {
              "name": "out",
              "path": "/nix/store/6y9w0b551j2d48h1l9crjv45frjad8if-postgresql-17.2",
              "default": true
            },
            {
              "name": "man",
              "path": "/nix/store/k4mh9nmhglchjjx791v716zcb78m9fb8-postgresql-17.2-man",
              "default": true
            },
            {
              "name": "debug",
              "path": "/nix/store/059kmvan7ji9kn8xa72by1nf57cd9dyv-postgresql-17.2-debug"
            },
            {
              "name": "dev",
              "path": "/nix/store/z3bb6ajnmdfgz8p3kpmv2dsm5r972jr3-postgresql-17.2-dev"
            },
            {
              "name": "doc",
              "path": "/nix/store/f0bisfj86dqq9rz9cd90jx2lp4yxnz1a-postgresql-17.2-doc"
            },
            {
              "name": "lib",
              "path": "/nix/store/5sn88ybrys75gklhw21c81m7jwdgm1y9-postgresql-17.2-lib"
            }
          ],
          "store_path": "/nix/store/6y9w0b551j2d48h1l9crjv45frjad8if-postgresql-17.2"
        },
        "x86_64-darwin": {
          "outputs": [
            {
              "name": "out",
              "path": "/nix/store/qdpki2j117g1hn3d4bxlmzw5ygxja7x2-postgresql-17.2",
              "default": true
            },
            {
              "name": "man",
              "path": "/nix/store/r8c8818bdqq1qa2b29qb5vnnb359qk0b-postgresql-17.2-man",
              "default": true
            },
            {
              "name": "doc",
              "path": "/nix/store/x82b0w0b74dk5pxm862cmggd80sc759w-postgresql-17.2-doc"
            },
            {
              "name": "lib",
              "path": "/nix/store/bdwfmv01vfi9csfgxcl32ylj874cxap0-postgresql-17.2-lib"
            },
            {
              "name": "dev",
              "path": "/nix/store/clr7mw9wd44nzmnmzfafnj8a35iha5aq-postgresql-17.2-dev"
            }
          ],
          "store_path": "/nix/store/qdpki2j117g1hn3d4bxlmzw5ygxja7x2-postgresql-17.2"
        },
        "x86_64-linux": {
          "outputs": [
            {
              "name": "out",
              "path": "/nix/store/xwbdn2l153f3lxd4f09ilgpngbbhvvlb-postgresql-17.2",
              "default": true
            },
            {
              "name": "man",
              "path": "/nix/store/s1j1fdm3n2w96jyspnz0gb4nbsd51pgk-postgresql-17.2-man",
              "default": true
            },
            {
              "name": "debug",
              "path": "/nix/store/fypyhdc73zczyyrd9ar15gly43gf7m9p-postgresql-17.2-debug"
            },
            {
              "name": "dev",
              "path": "/nix/store/lds1190zlm9ydsmd5byxbz4ifl393myx-postgresql-17.2-dev"
            },
            {
              "name": "doc",
              "path": "/nix/store/4bcfji6rh4qffh1bidy1ddm7ndbd9z9b-postgresql-17.2-doc"
            },
            {
              "name": "lib",
              "path": "/nix/store/shyk39i057hcsmkj2gf2zz5wa01h44h5-postgresql-17.2-lib"
            }
          ],
          "store_path": "/nix/store/xwbdn2l153f3lxd4f09ilgpngbbhvvlb-postgresql-17.2"
        }
      }
    },
    "postgrest": {
      "resolved": "github:NixOS/nixpkgs/dad564433178067be1fbdfcce23b546254b6d641?narHash=sha256-vn285HxnnlHLWnv59Og7muqECNMS33mWLM14soFIv2g%3D#postgrest",
      "source": "nixpkg"
    },
    "python@3.12.8": {
      "last_modified": "2025-01-06T03:40:18Z",
      "plugin_version": "0.0.4",
      "resolved": "github:NixOS/nixpkgs/3df3c47c19dc90fec35359e89ffb52b34d2b0e94#python3",
      "source": "devbox-search",
      "version": "3.12.8",
      "systems": {
        "aarch64-darwin": {
          "outputs": [
            {
              "name": "out",
              "path": "/nix/store/8zc3wcplydp8gsxms24scpzdca438dk5-python3-3.12.8",
              "default": true
            }
          ],
          "store_path": "/nix/store/8zc3wcplydp8gsxms24scpzdca438dk5-python3-3.12.8"
        },
        "aarch64-linux": {
          "outputs": [
            {
              "name": "out",
              "path": "/nix/store/66pn6ysmvx675061xaq2vz93s9vdc5p4-python3-3.12.8",
              "default": true
            },
            {
              "name": "debug",
              "path": "/nix/store/brcg3a34fi45ffky63g5pqd22sksvq13-python3-3.12.8-debug"
            }
          ],
          "store_path": "/nix/store/66pn6ysmvx675061xaq2vz93s9vdc5p4-python3-3.12.8"
        },
        "x86_64-darwin": {
          "outputs": [
            {
              "name": "out",
              "path": "/nix/store/fpmkmdzgd1q7kqadc7czcjdhjj7bsc0i-python3-3.12.8",
              "default": true
            }
          ],
          "store_path": "/nix/store/fpmkmdzgd1q7kqadc7czcjdhjj7bsc0i-python3-3.12.8"
        },
        "x86_64-linux": {
          "outputs": [
            {
              "name": "out",
              "path": "/nix/store/c9m6yd8fg1flz2j5r4bif1ib5j20a0cy-python3-3.12.8",
              "default": true
            },
            {
              "name": "debug",
              "path": "/nix/store/cicfrcjr8pky8qd0gxw0x84ynyviy6b5-python3-3.12.8-debug"
            }
          ],
          "store_path": "/nix/store/c9m6yd8fg1flz2j5r4bif1ib5j20a0cy-python3-3.12.8"
        }
      }
    },
    "rye@latest": {
      "last_modified": "2025-02-07T11:26:36Z",
      "resolved": "github:NixOS/nixpkgs/d98abf5cf5914e5e4e9d57205e3af55ca90ffc1d#rye",
      "source": "devbox-search",
      "version": "0.43.0",
      "systems": {
        "aarch64-darwin": {
          "outputs": [
            {
              "name": "out",
              "path": "/nix/store/1f3c71cbfpbgd3394dh1vwg0flv81iny-rye-0.43.0",
              "default": true
            }
          ],
          "store_path": "/nix/store/1f3c71cbfpbgd3394dh1vwg0flv81iny-rye-0.43.0"
        },
        "aarch64-linux": {
          "outputs": [
            {
              "name": "out",
              "path": "/nix/store/l9s929gj7vfjc9kvbdr5fqnn3ah22f1k-rye-0.43.0",
              "default": true
            }
          ],
          "store_path": "/nix/store/l9s929gj7vfjc9kvbdr5fqnn3ah22f1k-rye-0.43.0"
        },
        "x86_64-darwin": {
          "outputs": [
            {
              "name": "out",
              "path": "/nix/store/ph4x2qbx1g41swrj677qk6r6wk8j6hp8-rye-0.43.0",
              "default": true
            }
          ],
          "store_path": "/nix/store/ph4x2qbx1g41swrj677qk6r6wk8j6hp8-rye-0.43.0"
        },
        "x86_64-linux": {
          "outputs": [
            {
              "name": "out",
              "path": "/nix/store/y60rxp9mqj0lzhisakksdlnazcp1684i-rye-0.43.0",
              "default": true
            }
          ],
          "store_path": "/nix/store/y60rxp9mqj0lzhisakksdlnazcp1684i-rye-0.43.0"
        }
      }
    }
  }
}
