{
  "lockfile_version": "1",
  "packages": {
    "cargo@latest": {
      "last_modified": "2025-03-11T17:52:14Z",
      "resolved": "github:NixOS/nixpkgs/0d534853a55b5d02a4ababa1d71921ce8f0aee4c#cargo",
      "source": "devbox-search",
      "version": "1.85.0",
      "systems": {
        "aarch64-darwin": {
          "outputs": [
            {
              "name": "out",
              "path": "/nix/store/cmiczpf80qdp9vnbckpk6cp8yclbni6y-cargo-1.85.0",
              "default": true
            }
          ],
          "store_path": "/nix/store/cmiczpf80qdp9vnbckpk6cp8yclbni6y-cargo-1.85.0"
        },
        "aarch64-linux": {
          "outputs": [
            {
              "name": "out",
              "path": "/nix/store/qzkb9zmyccr38rdv8glk6i9l2wc761cw-cargo-1.85.0",
              "default": true
            }
          ],
          "store_path": "/nix/store/qzkb9zmyccr38rdv8glk6i9l2wc761cw-cargo-1.85.0"
        },
        "x86_64-darwin": {
          "outputs": [
            {
              "name": "out",
              "path": "/nix/store/nlv4aicads6f0alzkb2kjiqwc6ljzjnf-cargo-1.85.0",
              "default": true
            }
          ],
          "store_path": "/nix/store/nlv4aicads6f0alzkb2kjiqwc6ljzjnf-cargo-1.85.0"
        },
        "x86_64-linux": {
          "outputs": [
            {
              "name": "out",
              "path": "/nix/store/wvcl683adl5vsc2873rdcs255zq3j7yk-cargo-1.85.0",
              "default": true
            }
          ],
          "store_path": "/nix/store/wvcl683adl5vsc2873rdcs255zq3j7yk-cargo-1.85.0"
        }
      }
    },
    "docker-compose@latest": {
      "last_modified": "2025-03-09T21:26:12Z",
      "resolved": "github:NixOS/nixpkgs/e05f8bda630a0836d777d84de14b3c16eb758514#docker-compose",
      "source": "devbox-search",
      "version": "2.33.1",
      "systems": {
        "aarch64-darwin": {
          "outputs": [
            {
              "name": "out",
              "path": "/nix/store/cdml4idzbkr61q6w7waayglynszf3ncy-docker-compose-2.33.1",
              "default": true
            }
          ],
          "store_path": "/nix/store/cdml4idzbkr61q6w7waayglynszf3ncy-docker-compose-2.33.1"
        },
        "aarch64-linux": {
          "outputs": [
            {
              "name": "out",
              "path": "/nix/store/k0iyb8ffw12mwk7kgcs86h6isbwrxar6-docker-compose-2.33.1",
              "default": true
            }
          ],
          "store_path": "/nix/store/k0iyb8ffw12mwk7kgcs86h6isbwrxar6-docker-compose-2.33.1"
        },
        "x86_64-darwin": {
          "outputs": [
            {
              "name": "out",
              "path": "/nix/store/53jnlf08p0ym5bhf852klzjvhpysxq22-docker-compose-2.33.1",
              "default": true
            }
          ],
          "store_path": "/nix/store/53jnlf08p0ym5bhf852klzjvhpysxq22-docker-compose-2.33.1"
        },
        "x86_64-linux": {
          "outputs": [
            {
              "name": "out",
              "path": "/nix/store/422pd0kixckiqpxrq6v2c7h53z0vgxsg-docker-compose-2.33.1",
              "default": true
            }
          ],
          "store_path": "/nix/store/422pd0kixckiqpxrq6v2c7h53z0vgxsg-docker-compose-2.33.1"
        }
      }
    },
    "docker@latest": {
      "last_modified": "2025-03-11T17:52:14Z",
      "resolved": "github:NixOS/nixpkgs/0d534853a55b5d02a4ababa1d71921ce8f0aee4c#docker",
      "source": "devbox-search",
      "version": "27.5.1",
      "systems": {
        "aarch64-darwin": {
          "outputs": [
            {
              "name": "out",
              "path": "/nix/store/r3bnfs9i0fs8f7zvws56ff7jvxa7l6dw-docker-27.5.1",
              "default": true
            }
          ],
          "store_path": "/nix/store/r3bnfs9i0fs8f7zvws56ff7jvxa7l6dw-docker-27.5.1"
        },
        "aarch64-linux": {
          "outputs": [
            {
              "name": "out",
              "path": "/nix/store/g44x3mhdkwiqlxyxynwc28qzl0d7mcx2-docker-27.5.1",
              "default": true
            }
          ],
          "store_path": "/nix/store/g44x3mhdkwiqlxyxynwc28qzl0d7mcx2-docker-27.5.1"
        },
        "x86_64-darwin": {
          "outputs": [
            {
              "name": "out",
              "path": "/nix/store/w8xv8gg4vbcdavb54aji5jna0ljl25z3-docker-27.5.1",
              "default": true
            }
          ],
          "store_path": "/nix/store/w8xv8gg4vbcdavb54aji5jna0ljl25z3-docker-27.5.1"
        },
        "x86_64-linux": {
          "outputs": [
            {
              "name": "out",
              "path": "/nix/store/pkc753xpjd6kycn8q637d6s7x2aqs1a4-docker-27.5.1",
              "default": true
            }
          ],
          "store_path": "/nix/store/pkc753xpjd6kycn8q637d6s7x2aqs1a4-docker-27.5.1"
        }
      }
    },
    "github:NixOS/nixpkgs/nixpkgs-unstable": {
      "resolved": "github:NixOS/nixpkgs/573c650e8a14b2faa0041645ab18aed7e60f0c9a?lastModified=1741865919&narHash=sha256-4thdbnP6dlbdq%2BqZWTsm4ffAwoS8Tiq1YResB%2BRP6WE%3D"
    },
    "glibcLocales@latest": {
      "last_modified": "2025-03-11T17:52:14Z",
      "resolved": "github:NixOS/nixpkgs/0d534853a55b5d02a4ababa1d71921ce8f0aee4c#glibcLocales",
      "source": "devbox-search",
      "version": "2.40-66",
      "systems": {
        "aarch64-linux": {
          "outputs": [
            {
              "name": "out",
              "path": "/nix/store/mrkflhzymcwx0y8wyk7ldf1h4d5mq5yy-glibc-locales-2.40-66",
              "default": true
            }
          ],
          "store_path": "/nix/store/mrkflhzymcwx0y8wyk7ldf1h4d5mq5yy-glibc-locales-2.40-66"
        },
        "x86_64-linux": {
          "outputs": [
            {
              "name": "out",
              "path": "/nix/store/hgybbbzg778wasmw5g1hzm7a8n4wwd5h-glibc-locales-2.40-66",
              "default": true
            }
          ],
          "store_path": "/nix/store/hgybbbzg778wasmw5g1hzm7a8n4wwd5h-glibc-locales-2.40-66"
        }
      }
    },
    "nodejs@latest": {
      "last_modified": "2025-03-11T17:52:14Z",
      "plugin_version": "0.0.2",
      "resolved": "github:NixOS/nixpkgs/0d534853a55b5d02a4ababa1d71921ce8f0aee4c#nodejs_23",
      "source": "devbox-search",
      "version": "23.9.0",
      "systems": {
        "aarch64-darwin": {
          "outputs": [
            {
              "name": "out",
              "path": "/nix/store/9l10wmw90rm34bvywk35bhzyk2gj4p35-nodejs-23.9.0",
              "default": true
            },
            {
              "name": "libv8",
              "path": "/nix/store/1chpq1vc4i1y8mkd51svcgjwdax7f46s-nodejs-23.9.0-libv8"
            }
          ],
          "store_path": "/nix/store/9l10wmw90rm34bvywk35bhzyk2gj4p35-nodejs-23.9.0"
        },
        "aarch64-linux": {
          "outputs": [
            {
              "name": "out",
              "path": "/nix/store/ilsvh6jyc418brlgmsn4h2zv7ria9xjq-nodejs-23.9.0",
              "default": true
            },
            {
              "name": "libv8",
              "path": "/nix/store/308lkql416i82gps52832pr1v20bg02p-nodejs-23.9.0-libv8"
            }
          ],
          "store_path": "/nix/store/ilsvh6jyc418brlgmsn4h2zv7ria9xjq-nodejs-23.9.0"
        },
        "x86_64-darwin": {
          "outputs": [
            {
              "name": "out",
              "path": "/nix/store/526yv5a898wrq6jwjjmbjs4ic2y4979h-nodejs-23.9.0",
              "default": true
            },
            {
              "name": "libv8",
              "path": "/nix/store/8213gq3iqbfyxgmwkhf8yf2nx1mzp2aa-nodejs-23.9.0-libv8"
            }
          ],
          "store_path": "/nix/store/526yv5a898wrq6jwjjmbjs4ic2y4979h-nodejs-23.9.0"
        },
        "x86_64-linux": {
          "outputs": [
            {
              "name": "out",
              "path": "/nix/store/vrkmkzd2f1z6ywqc347p2szz0yvi9g02-nodejs-23.9.0",
              "default": true
            },
            {
              "name": "libv8",
              "path": "/nix/store/wk1nf6dradmfhmb3ws9dsqvxnj6dbgg5-nodejs-23.9.0-libv8"
            }
          ],
          "store_path": "/nix/store/vrkmkzd2f1z6ywqc347p2szz0yvi9g02-nodejs-23.9.0"
        }
      }
    },
    "pnpm@latest": {
      "last_modified": "2025-03-11T17:52:14Z",
      "resolved": "github:NixOS/nixpkgs/0d534853a55b5d02a4ababa1d71921ce8f0aee4c#pnpm",
      "source": "devbox-search",
      "version": "10.6.2",
      "systems": {
        "aarch64-darwin": {
          "outputs": [
            {
              "name": "out",
              "path": "/nix/store/0zvnl2q475cakvl3bdgjl3py60ngys05-pnpm-10.6.2",
              "default": true
            }
          ],
          "store_path": "/nix/store/0zvnl2q475cakvl3bdgjl3py60ngys05-pnpm-10.6.2"
        },
        "aarch64-linux": {
          "outputs": [
            {
              "name": "out",
              "path": "/nix/store/fvirhzl2ygjsnxfw0pdhg1jgybcyn95f-pnpm-10.6.2",
              "default": true
            }
          ],
          "store_path": "/nix/store/fvirhzl2ygjsnxfw0pdhg1jgybcyn95f-pnpm-10.6.2"
        },
        "x86_64-darwin": {
          "outputs": [
            {
              "name": "out",
              "path": "/nix/store/717jiydkk5314xk49kwk9pv6436fknc3-pnpm-10.6.2",
              "default": true
            }
          ],
          "store_path": "/nix/store/717jiydkk5314xk49kwk9pv6436fknc3-pnpm-10.6.2"
        },
        "x86_64-linux": {
          "outputs": [
            {
              "name": "out",
              "path": "/nix/store/cik4v9s4dpjnzjljnr9n4krsimlisvi4-pnpm-10.6.2",
              "default": true
            }
          ],
          "store_path": "/nix/store/cik4v9s4dpjnzjljnr9n4krsimlisvi4-pnpm-10.6.2"
        }
      }
    },
    "postgresql@latest": {
      "last_modified": "2025-03-11T17:52:14Z",
      "plugin_version": "0.0.2",
      "resolved": "github:NixOS/nixpkgs/0d534853a55b5d02a4ababa1d71921ce8f0aee4c#postgresql",
      "source": "devbox-search",
      "version": "17.4",
      "systems": {
        "aarch64-darwin": {
          "outputs": [
            {
              "name": "out",
              "path": "/nix/store/pw8nqywmv0rx01sic5p89d8sg2ym1cq3-postgresql-17.4",
              "default": true
            },
            {
              "name": "man",
              "path": "/nix/store/892x7nrcydcax8z88d337436di2kp50j-postgresql-17.4-man",
              "default": true
            },
            {
              "name": "dev",
              "path": "/nix/store/f07mk2fiyb1mawcbwacllfca60c3qz17-postgresql-17.4-dev"
            },
            {
              "name": "doc",
              "path": "/nix/store/w2d65iq22l5nfmxl33v401s40f9sk0r9-postgresql-17.4-doc"
            },
            {
              "name": "lib",
              "path": "/nix/store/x2252h5f8bq8vggqnki4nz9mf3drlffm-postgresql-17.4-lib"
            }
          ],
          "store_path": "/nix/store/pw8nqywmv0rx01sic5p89d8sg2ym1cq3-postgresql-17.4"
        },
        "aarch64-linux": {
          "outputs": [
            {
              "name": "out",
              "path": "/nix/store/3qyphghvw55njd2048kdagd2i3ck2lwr-postgresql-17.4",
              "default": true
            },
            {
              "name": "man",
              "path": "/nix/store/hg3iabq2fjr96bdavzmqfvnya2imw03k-postgresql-17.4-man",
              "default": true
            },
            {
              "name": "dev",
              "path": "/nix/store/0a6mqx00fncp6gvwbmm01ziazpdaakic-postgresql-17.4-dev"
            },
            {
              "name": "doc",
              "path": "/nix/store/1w2hxbpka86hi9xs8vydxqbfcs1a0qgh-postgresql-17.4-doc"
            },
            {
              "name": "lib",
              "path": "/nix/store/jc7jv38lhza1v4p22l8b7nr1yp69c5sm-postgresql-17.4-lib"
            },
            {
              "name": "debug",
              "path": "/nix/store/xf3ldavlfw85mzgx8cj4jh5hwh9ggf0q-postgresql-17.4-debug"
            }
          ],
          "store_path": "/nix/store/3qyphghvw55njd2048kdagd2i3ck2lwr-postgresql-17.4"
        },
        "x86_64-darwin": {
          "outputs": [
            {
              "name": "out",
              "path": "/nix/store/d43lyc6xqwk4k39yzlxb037kchi33fqj-postgresql-17.4",
              "default": true
            },
            {
              "name": "man",
              "path": "/nix/store/7pqsn9z79k7fbilwp0aqadj8ncbga4pv-postgresql-17.4-man",
              "default": true
            },
            {
              "name": "lib",
              "path": "/nix/store/rkcbd2sb8gaiawx40ydq8xcsp72ff6gj-postgresql-17.4-lib"
            },
            {
              "name": "dev",
              "path": "/nix/store/rigq2bcccsf57a69vw0zqv3czqvak9p6-postgresql-17.4-dev"
            },
            {
              "name": "doc",
              "path": "/nix/store/02znrncmdg9l1xdj90m9dl619a1y831a-postgresql-17.4-doc"
            }
          ],
          "store_path": "/nix/store/d43lyc6xqwk4k39yzlxb037kchi33fqj-postgresql-17.4"
        },
        "x86_64-linux": {
          "outputs": [
            {
              "name": "out",
              "path": "/nix/store/fi1qz98nl8q7ddwbbms5xssywn44ackc-postgresql-17.4",
              "default": true
            },
            {
              "name": "man",
              "path": "/nix/store/nq3377crls255rli4qydmcx01fhchdrm-postgresql-17.4-man",
              "default": true
            },
            {
              "name": "debug",
              "path": "/nix/store/ap031b5f59xzgdp1hckbvj6qn00b55rl-postgresql-17.4-debug"
            },
            {
              "name": "dev",
              "path": "/nix/store/2gfhs8b7hq69mn5df6afns8jjqaavw0f-postgresql-17.4-dev"
            },
            {
              "name": "doc",
              "path": "/nix/store/wi5g5zylciygcwnvgv9697gwwjd6r1ma-postgresql-17.4-doc"
            },
            {
              "name": "lib",
              "path": "/nix/store/4mfi1s3cmbwm4059d5qg689m4pj57m4p-postgresql-17.4-lib"
            }
          ],
          "store_path": "/nix/store/fi1qz98nl8q7ddwbbms5xssywn44ackc-postgresql-17.4"
        }
      }
    },
    "python@3.12.8": {
      "last_modified": "2025-01-06T03:40:18Z",
      "plugin_version": "0.0.4",
      "resolved": "github:NixOS/nixpkgs/3df3c47c19dc90fec35359e89ffb52b34d2b0e94#python3",
      "source": "devbox-search",
      "version": "3.12.8",
      "systems": {
        "aarch64-darwin": {
          "outputs": [
            {
              "name": "out",
              "path": "/nix/store/8zc3wcplydp8gsxms24scpzdca438dk5-python3-3.12.8",
              "default": true
            }
          ],
          "store_path": "/nix/store/8zc3wcplydp8gsxms24scpzdca438dk5-python3-3.12.8"
        },
        "aarch64-linux": {
          "outputs": [
            {
              "name": "out",
              "path": "/nix/store/66pn6ysmvx675061xaq2vz93s9vdc5p4-python3-3.12.8",
              "default": true
            },
            {
              "name": "debug",
              "path": "/nix/store/brcg3a34fi45ffky63g5pqd22sksvq13-python3-3.12.8-debug"
            }
          ],
          "store_path": "/nix/store/66pn6ysmvx675061xaq2vz93s9vdc5p4-python3-3.12.8"
        },
        "x86_64-darwin": {
          "outputs": [
            {
              "name": "out",
              "path": "/nix/store/fpmkmdzgd1q7kqadc7czcjdhjj7bsc0i-python3-3.12.8",
              "default": true
            }
          ],
          "store_path": "/nix/store/fpmkmdzgd1q7kqadc7czcjdhjj7bsc0i-python3-3.12.8"
        },
        "x86_64-linux": {
          "outputs": [
            {
              "name": "out",
              "path": "/nix/store/c9m6yd8fg1flz2j5r4bif1ib5j20a0cy-python3-3.12.8",
              "default": true
            },
            {
              "name": "debug",
              "path": "/nix/store/cicfrcjr8pky8qd0gxw0x84ynyviy6b5-python3-3.12.8-debug"
            }
          ],
          "store_path": "/nix/store/c9m6yd8fg1flz2j5r4bif1ib5j20a0cy-python3-3.12.8"
        }
      }
    }
  }
}
